// !$*UTF8*$!
{
	archiveVersion = 1;
	classes = {
	};
	objectVersion = 77;
	objects = {

/* Begin PBXContainerItemProxy section */
		F54BAD262DB616C0005E0257 /* PBXContainerItemProxy */ = {
			isa = PBXContainerItemProxy;
			containerPortal = F54BAD072DB616BE005E0257 /* Project object */;
			proxyType = 1;
			remoteGlobalIDString = F54BAD0E2DB616BE005E0257;
			remoteInfo = Coin64;
		};
		F54BAD302DB616C0005E0257 /* PBXContainerItemProxy */ = {
			isa = PBXContainerItemProxy;
			containerPortal = F54BAD072DB616BE005E0257 /* Project object */;
			proxyType = 1;
			remoteGlobalIDString = F54BAD0E2DB616BE005E0257;
			remoteInfo = Coin64;
		};
/* End PBXContainerItemProxy section */

/* Begin PBXFileReference section */
		F54BAD0F2DB616BF005E0257 /* Coin64.app */ = {isa = PBXFileReference; explicitFileType = wrapper.application; includeInIndex = 0; path = Coin64.app; sourceTree = BUILT_PRODUCTS_DIR; };
		F54BAD252DB616C0005E0257 /* Coin64Tests.xctest */ = {isa = PBXFileReference; explicitFileType = wrapper.cfbundle; includeInIndex = 0; path = Coin64Tests.xctest; sourceTree = BUILT_PRODUCTS_DIR; };
		F54BAD2F2DB616C0005E0257 /* Coin64UITests.xctest */ = {isa = PBXFileReference; explicitFileType = wrapper.cfbundle; includeInIndex = 0; path = Coin64UITests.xctest; sourceTree = BUILT_PRODUCTS_DIR; };
/* End PBXFileReference section */

/* Begin PBXFileSystemSynchronizedBuildFileExceptionSet section */
		F54BAD372DB616C0005E0257 /* Exceptions for "Coin64" folder in "Coin64" target */ = {
			isa = PBXFileSystemSynchronizedBuildFileExceptionSet;
			membershipExceptions = (
				Info.plist,
			);
			target = F54BAD0E2DB616BE005E0257 /* Coin64 */;
		};
/* End PBXFileSystemSynchronizedBuildFileExceptionSet section */

/* Begin PBXFileSystemSynchronizedRootGroup section */
		F54BAD112DB616BF005E0257 /* Coin64 */ = {
			isa = PBXFileSystemSynchronizedRootGroup;
			exceptions = (
				F54BAD372DB616C0005E0257 /* Exceptions for "Coin64" folder in "Coin64" target */,
			);
			path = Coin64;
			sourceTree = "<group>";
		};
		F54BAD282DB616C0005E0257 /* Coin64Tests */ = {
			isa = PBXFileSystemSynchronizedRootGroup;
			path = Coin64Tests;
			sourceTree = "<group>";
		};
		F54BAD322DB616C0005E0257 /* Coin64UITests */ = {
			isa = PBXFileSystemSynchronizedRootGroup;
			path = Coin64UITests;
			sourceTree = "<group>";
		};
/* End PBXFileSystemSynchronizedRootGroup section */

/* Begin PBXFrameworksBuildPhase section */
		F54BAD0C2DB616BE005E0257 /* Frameworks */ = {
			isa = PBXFrameworksBuildPhase;
			buildActionMask = 2147483647;
			files = (
			);
			runOnlyForDeploymentPostprocessing = 0;
		};
		F54BAD222DB616C0005E0257 /* Frameworks */ = {
			isa = PBXFrameworksBuildPhase;
			buildActionMask = 2147483647;
			files = (
			);
			runOnlyForDeploymentPostprocessing = 0;
		};
		F54BAD2C2DB616C0005E0257 /* Frameworks */ = {
			isa = PBXFrameworksBuildPhase;
			buildActionMask = 2147483647;
			files = (
			);
			runOnlyForDeploymentPostprocessing = 0;
		};
/* End PBXFrameworksBuildPhase section */

/* Begin PBXGroup section */
		F54BAD062DB616BE005E0257 = {
			isa = PBXGroup;
			children = (
				F54BAD112DB616BF005E0257 /* Coin64 */,
				F54BAD282DB616C0005E0257 /* Coin64Tests */,
				F54BAD322DB616C0005E0257 /* Coin64UITests */,
				F54BAD102DB616BF005E0257 /* Products */,
			);
			sourceTree = "<group>";
		};
		F54BAD102DB616BF005E0257 /* Products */ = {
			isa = PBXGroup;
			children = (
				F54BAD0F2DB616BF005E0257 /* Coin64.app */,
				F54BAD252DB616C0005E0257 /* Coin64Tests.xctest */,
				F54BAD2F2DB616C0005E0257 /* Coin64UITests.xctest */,
			);
			name = Products;
			sourceTree = "<group>";
		};
/* End PBXGroup section */

/* Begin PBXNativeTarget section */
		F54BAD0E2DB616BE005E0257 /* Coin64 */ = {
			isa = PBXNativeTarget;
			buildConfigurationList = F54BAD382DB616C0005E0257 /* Build configuration list for PBXNativeTarget "Coin64" */;
			buildPhases = (
				F54BAD0B2DB616BE005E0257 /* Sources */,
				F54BAD0C2DB616BE005E0257 /* Frameworks */,
				F54BAD0D2DB616BE005E0257 /* Resources */,
			);
			buildRules = (
			);
			dependencies = (
			);
			fileSystemSynchronizedGroups = (
				F54BAD112DB616BF005E0257 /* Coin64 */,
			);
			name = Coin64;
			packageProductDependencies = (
			);
			productName = Coin64;
			productReference = F54BAD0F2DB616BF005E0257 /* Coin64.app */;
			productType = "com.apple.product-type.application";
		};
		F54BAD242DB616C0005E0257 /* Coin64Tests */ = {
			isa = PBXNativeTarget;
			buildConfigurationList = F54BAD3D2DB616C0005E0257 /* Build configuration list for PBXNativeTarget "Coin64Tests" */;
			buildPhases = (
				F54BAD212DB616C0005E0257 /* Sources */,
				F54BAD222DB616C0005E0257 /* Frameworks */,
				F54BAD232DB616C0005E0257 /* Resources */,
			);
			buildRules = (
			);
			dependencies = (
				F54BAD272DB616C0005E0257 /* PBXTargetDependency */,
			);
			fileSystemSynchronizedGroups = (
				F54BAD282DB616C0005E0257 /* Coin64Tests */,
			);
			name = Coin64Tests;
			packageProductDependencies = (
			);
			productName = Coin64Tests;
			productReference = F54BAD252DB616C0005E0257 /* Coin64Tests.xctest */;
			productType = "com.apple.product-type.bundle.unit-test";
		};
		F54BAD2E2DB616C0005E0257 /* Coin64UITests */ = {
			isa = PBXNativeTarget;
			buildConfigurationList = F54BAD402DB616C0005E0257 /* Build configuration list for PBXNativeTarget "Coin64UITests" */;
			buildPhases = (
				F54BAD2B2DB616C0005E0257 /* Sources */,
				F54BAD2C2DB616C0005E0257 /* Frameworks */,
				F54BAD2D2DB616C0005E0257 /* Resources */,
			);
			buildRules = (
			);
			dependencies = (
				F54BAD312DB616C0005E0257 /* PBXTargetDependency */,
			);
			fileSystemSynchronizedGroups = (
				F54BAD322DB616C0005E0257 /* Coin64UITests */,
			);
			name = Coin64UITests;
			packageProductDependencies = (
			);
			productName = Coin64UITests;
			productReference = F54BAD2F2DB616C0005E0257 /* Coin64UITests.xctest */;
			productType = "com.apple.product-type.bundle.ui-testing";
		};
/* End PBXNativeTarget section */

/* Begin PBXProject section */
		F54BAD072DB616BE005E0257 /* Project object */ = {
			isa = PBXProject;
			attributes = {
				BuildIndependentTargetsInParallel = 1;
				LastSwiftUpdateCheck = 1610;
				LastUpgradeCheck = 1610;
				TargetAttributes = {
					F54BAD0E2DB616BE005E0257 = {
						CreatedOnToolsVersion = 16.1;
					};
					F54BAD242DB616C0005E0257 = {
						CreatedOnToolsVersion = 16.1;
						TestTargetID = F54BAD0E2DB616BE005E0257;
					};
					F54BAD2E2DB616C0005E0257 = {
						CreatedOnToolsVersion = 16.1;
						TestTargetID = F54BAD0E2DB616BE005E0257;
					};
				};
			};
			buildConfigurationList = F54BAD0A2DB616BE005E0257 /* Build configuration list for PBXProject "Coin64" */;
			developmentRegion = en;
			hasScannedForEncodings = 0;
			knownRegions = (
				en,
				Base,
			);
			mainGroup = F54BAD062DB616BE005E0257;
			minimizedProjectReferenceProxies = 1;
			preferredProjectObjectVersion = 77;
			productRefGroup = F54BAD102DB616BF005E0257 /* Products */;
			projectDirPath = "";
			projectRoot = "";
			targets = (
				F54BAD0E2DB616BE005E0257 /* Coin64 */,
				F54BAD242DB616C0005E0257 /* Coin64Tests */,
				F54BAD2E2DB616C0005E0257 /* Coin64UITests */,
			);
		};
/* End PBXProject section */

/* Begin PBXResourcesBuildPhase section */
		F54BAD0D2DB616BE005E0257 /* Resources */ = {
			isa = PBXResourcesBuildPhase;
			buildActionMask = 2147483647;
			files = (
			);
			runOnlyForDeploymentPostprocessing = 0;
		};
		F54BAD232DB616C0005E0257 /* Resources */ = {
			isa = PBXResourcesBuildPhase;
			buildActionMask = 2147483647;
			files = (
			);
			runOnlyForDeploymentPostprocessing = 0;
		};
		F54BAD2D2DB616C0005E0257 /* Resources */ = {
			isa = PBXResourcesBuildPhase;
			buildActionMask = 2147483647;
			files = (
			);
			runOnlyForDeploymentPostprocessing = 0;
		};
/* End PBXResourcesBuildPhase section */

/* Begin PBXSourcesBuildPhase section */
		F54BAD0B2DB616BE005E0257 /* Sources */ = {
			isa = PBXSourcesBuildPhase;
			buildActionMask = 2147483647;
			files = (
			);
			runOnlyForDeploymentPostprocessing = 0;
		};
		F54BAD212DB616C0005E0257 /* Sources */ = {
			isa = PBXSourcesBuildPhase;
			buildActionMask = 2147483647;
			files = (
			);
			runOnlyForDeploymentPostprocessing = 0;
		};
		F54BAD2B2DB616C0005E0257 /* Sources */ = {
			isa = PBXSourcesBuildPhase;
			buildActionMask = 2147483647;
			files = (
			);
			runOnlyForDeploymentPostprocessing = 0;
		};
/* End PBXSourcesBuildPhase section */

/* Begin PBXTargetDependency section */
		F54BAD272DB616C0005E0257 /* PBXTargetDependency */ = {
			isa = PBXTargetDependency;
			target = F54BAD0E2DB616BE005E0257 /* Coin64 */;
			targetProxy = F54BAD262DB616C0005E0257 /* PBXContainerItemProxy */;
		};
		F54BAD312DB616C0005E0257 /* PBXTargetDependency */ = {
			isa = PBXTargetDependency;
			target = F54BAD0E2DB616BE005E0257 /* Coin64 */;
			targetProxy = F54BAD302DB616C0005E0257 /* PBXContainerItemProxy */;
		};
/* End PBXTargetDependency section */

/* Begin XCBuildConfiguration section */
		F54BAD392DB616C0005E0257 /* Debug */ = {
			isa = XCBuildConfiguration;
			buildSettings = {
				ASSETCATALOG_COMPILER_APPICON_NAME = AppIcon;
				ASSETCATALOG_COMPILER_GLOBAL_ACCENT_COLOR_NAME = AccentColor;
				CODE_SIGN_STYLE = Automatic;
				CURRENT_PROJECT_VERSION = 1;
				GENERATE_INFOPLIST_FILE = YES;
				INFOPLIST_FILE = Coin64/Info.plist;
				INFOPLIST_KEY_UIApplicationSupportsIndirectInputEvents = YES;
				INFOPLIST_KEY_UILaunchStoryboardName = LaunchScreen;
				INFOPLIST_KEY_UIMainStoryboardFile = "";
				INFOPLIST_KEY_UISupportedInterfaceOrientations_iPad = "UIInterfaceOrientationPortrait UIInterfaceOrientationPortraitUpsideDown UIInterfaceOrientationLandscapeLeft UIInterfaceOrientationLandscapeRight";
				INFOPLIST_KEY_UISupportedInterfaceOrientations_iPhone = "UIInterfaceOrientationPortrait UIInterfaceOrientationLandscapeLeft UIInterfaceOrientationLandscapeRight";
				IPHONEOS_DEPLOYMENT_TARGET = 15.6;
				LD_RUNPATH_SEARCH_PATHS = (
					"$(inherited)",
					"@executable_path/Frameworks",
				);
				MARKETING_VERSION = 1.0;
				PRODUCT_BUNDLE_IDENTIFIER = com.rmt.exam.Coin64;
				PRODUCT_NAME = "$(TARGET_NAME)";
				SWIFT_EMIT_LOC_STRINGS = YES;
				SWIFT_VERSION = 5.0;
				TARGETED_DEVICE_FAMILY = "1,2";
			};
			name = Debug;
		};
		F54BAD3A2DB616C0005E0257 /* Release */ = {
			isa = XCBuildConfiguration;
			buildSettings = {
				ASSETCATALOG_COMPILER_APPICON_NAME = AppIcon;
				ASSETCATALOG_COMPILER_GLOBAL_ACCENT_COLOR_NAME = AccentColor;
				CODE_SIGN_STYLE = Automatic;
				CURRENT_PROJECT_VERSION = 1;
				GENERATE_INFOPLIST_FILE = YES;
				INFOPLIST_FILE = Coin64/Info.plist;
				INFOPLIST_KEY_UIApplicationSupportsIndirectInputEvents = YES;
				INFOPLIST_KEY_UILaunchStoryboardName = LaunchScreen;
				INFOPLIST_KEY_UIMainStoryboardFile = "";
				INFOPLIST_KEY_UISupportedInterfaceOrientations_iPad = "UIInterfaceOrientationPortrait UIInterfaceOrientationPortraitUpsideDown UIInterfaceOrientationLandscapeLeft UIInterfaceOrientationLandscapeRight";
				INFOPLIST_KEY_UISupportedInterfaceOrientations_iPhone = "UIInterfaceOrientationPortrait UIInterfaceOrientationLandscapeLeft UIInterfaceOrientationLandscapeRight";
				IPHONEOS_DEPLOYMENT_TARGET = 15.6;
				LD_RUNPATH_SEARCH_PATHS = (
					"$(inherited)",
					"@executable_path/Frameworks",
				);
				MARKETING_VERSION = 1.0;
				PRODUCT_BUNDLE_IDENTIFIER = com.rmt.exam.Coin64;
				PRODUCT_NAME = "$(TARGET_NAME)";
				SWIFT_EMIT_LOC_STRINGS = YES;
				SWIFT_VERSION = 5.0;
				TARGETED_DEVICE_FAMILY = "1,2";
			};
			name = Release;
		};
		F54BAD3B2DB616C0005E0257 /* Debug */ = {
			isa = XCBuildConfiguration;
			buildSettings = {
				ALWAYS_SEARCH_USER_PATHS = NO;
				ASSETCATALOG_COMPILER_GENERATE_SWIFT_ASSET_SYMBOL_EXTENSIONS = YES;
				CLANG_ANALYZER_NONNULL = YES;
				CLANG_ANALYZER_NUMBER_OBJECT_CONVERSION = YES_AGGRESSIVE;
				CLANG_CXX_LANGUAGE_STANDARD = "gnu++20";
				CLANG_ENABLE_MODULES = YES;
				CLANG_ENABLE_OBJC_ARC = YES;
				CLANG_ENABLE_OBJC_WEAK = YES;
				CLANG_WARN_BLOCK_CAPTURE_AUTORELEASING = YES;
				CLANG_WARN_BOOL_CONVERSION = YES;
				CLANG_WARN_COMMA = YES;
				CLANG_WARN_CONSTANT_CONVERSION = YES;
				CLANG_WARN_DEPRECATED_OBJC_IMPLEMENTATIONS = YES;
				CLANG_WARN_DIRECT_OBJC_ISA_USAGE = YES_ERROR;
				CLANG_WARN_DOCUMENTATION_COMMENTS = YES;
				CLANG_WARN_EMPTY_BODY = YES;
				CLANG_WARN_ENUM_CONVERSION = YES;
				CLANG_WARN_INFINITE_RECURSION = YES;
				CLANG_WARN_INT_CONVERSION = YES;
				CLANG_WARN_NON_LITERAL_NULL_CONVERSION = YES;
				CLANG_WARN_OBJC_IMPLICIT_RETAIN_SELF = YES;
				CLANG_WARN_OBJC_LITERAL_CONVERSION = YES;
				CLANG_WARN_OBJC_ROOT_CLASS = YES_ERROR;
				CLANG_WARN_QUOTED_INCLUDE_IN_FRAMEWORK_HEADER = YES;
				CLANG_WARN_RANGE_LOOP_ANALYSIS = YES;
				CLANG_WARN_STRICT_PROTOTYPES = YES;
				CLANG_WARN_SUSPICIOUS_MOVE = YES;
				CLANG_WARN_UNGUARDED_AVAILABILITY = YES_AGGRESSIVE;
				CLANG_WARN_UNREACHABLE_CODE = YES;
				CLANG_WARN__DUPLICATE_METHOD_MATCH = YES;
				COPY_PHASE_STRIP = NO;
				DEBUG_INFORMATION_FORMAT = dwarf;
				ENABLE_STRICT_OBJC_MSGSEND = YES;
				ENABLE_TESTABILITY = YES;
				ENABLE_USER_SCRIPT_SANDBOXING = YES;
				GCC_C_LANGUAGE_STANDARD = gnu17;
				GCC_DYNAMIC_NO_PIC = NO;
				GCC_NO_COMMON_BLOCKS = YES;
				GCC_OPTIMIZATION_LEVEL = 0;
				GCC_PREPROCESSOR_DEFINITIONS = (
					"DEBUG=1",
					"$(inherited)",
				);
				GCC_WARN_64_TO_32_BIT_CONVERSION = YES;
				GCC_WARN_ABOUT_RETURN_TYPE = YES_ERROR;
				GCC_WARN_UNDECLARED_SELECTOR = YES;
				GCC_WARN_UNINITIALIZED_AUTOS = YES_AGGRESSIVE;
				GCC_WARN_UNUSED_FUNCTION = YES;
				GCC_WARN_UNUSED_VARIABLE = YES;
				IPHONEOS_DEPLOYMENT_TARGET = 15.6;
				LOCALIZATION_PREFERS_STRING_CATALOGS = YES;
				MTL_ENABLE_DEBUG_INFO = INCLUDE_SOURCE;
				MTL_FAST_MATH = YES;
				ONLY_ACTIVE_ARCH = YES;
				SDKROOT = iphoneos;
				SWIFT_ACTIVE_COMPILATION_CONDITIONS = "DEBUG $(inherited)";
				SWIFT_OPTIMIZATION_LEVEL = "-Onone";
			};
			name = Debug;
		};
		F54BAD3C2DB616C0005E0257 /* Release */ = {
			isa = XCBuildConfiguration;
			buildSettings = {
				ALWAYS_SEARCH_USER_PATHS = NO;
				ASSETCATALOG_COMPILER_GENERATE_SWIFT_ASSET_SYMBOL_EXTENSIONS = YES;
				CLANG_ANALYZER_NONNULL = YES;
				CLANG_ANALYZER_NUMBER_OBJECT_CONVERSION = YES_AGGRESSIVE;
				CLANG_CXX_LANGUAGE_STANDARD = "gnu++20";
				CLANG_ENABLE_MODULES = YES;
				CLANG_ENABLE_OBJC_ARC = YES;
				CLANG_ENABLE_OBJC_WEAK = YES;
				CLANG_WARN_BLOCK_CAPTURE_AUTORELEASING = YES;
				CLANG_WARN_BOOL_CONVERSION = YES;
				CLANG_WARN_COMMA = YES;
				CLANG_WARN_CONSTANT_CONVERSION = YES;
				CLANG_WARN_DEPRECATED_OBJC_IMPLEMENTATIONS = YES;
				CLANG_WARN_DIRECT_OBJC_ISA_USAGE = YES_ERROR;
				CLANG_WARN_DOCUMENTATION_COMMENTS = YES;
				CLANG_WARN_EMPTY_BODY = YES;
				CLANG_WARN_ENUM_CONVERSION = YES;
				CLANG_WARN_INFINITE_RECURSION = YES;
				CLANG_WARN_INT_CONVERSION = YES;
				CLANG_WARN_NON_LITERAL_NULL_CONVERSION = YES;
				CLANG_WARN_OBJC_IMPLICIT_RETAIN_SELF = YES;
				CLANG_WARN_OBJC_LITERAL_CONVERSION = YES;
				CLANG_WARN_OBJC_ROOT_CLASS = YES_ERROR;
				CLANG_WARN_QUOTED_INCLUDE_IN_FRAMEWORK_HEADER = YES;
				CLANG_WARN_RANGE_LOOP_ANALYSIS = YES;
				CLANG_WARN_STRICT_PROTOTYPES = YES;
				CLANG_WARN_SUSPICIOUS_MOVE = YES;
				CLANG_WARN_UNGUARDED_AVAILABILITY = YES_AGGRESSIVE;
				CLANG_WARN_UNREACHABLE_CODE = YES;
				CLANG_WARN__DUPLICATE_METHOD_MATCH = YES;
				COPY_PHASE_STRIP = NO;
				DEBUG_INFORMATION_FORMAT = "dwarf-with-dsym";
				ENABLE_NS_ASSERTIONS = NO;
				ENABLE_STRICT_OBJC_MSGSEND = YES;
				ENABLE_USER_SCRIPT_SANDBOXING = YES;
				GCC_C_LANGUAGE_STANDARD = gnu17;
				GCC_NO_COMMON_BLOCKS = YES;
				GCC_WARN_64_TO_32_BIT_CONVERSION = YES;
				GCC_WARN_ABOUT_RETURN_TYPE = YES_ERROR;
				GCC_WARN_UNDECLARED_SELECTOR = YES;
				GCC_WARN_UNINITIALIZED_AUTOS = YES_AGGRESSIVE;
				GCC_WARN_UNUSED_FUNCTION = YES;
				GCC_WARN_UNUSED_VARIABLE = YES;
				IPHONEOS_DEPLOYMENT_TARGET = 15.6;
				LOCALIZATION_PREFERS_STRING_CATALOGS = YES;
				MTL_ENABLE_DEBUG_INFO = NO;
				MTL_FAST_MATH = YES;
				SDKROOT = iphoneos;
				SWIFT_COMPILATION_MODE = wholemodule;
				VALIDATE_PRODUCT = YES;
			};
			name = Release;
		};
		F54BAD3E2DB616C0005E0257 /* Debug */ = {
			isa = XCBuildConfiguration;
			buildSettings = {
				BUNDLE_LOADER = "$(TEST_HOST)";
				CODE_SIGN_STYLE = Automatic;
				CURRENT_PROJECT_VERSION = 1;
				GENERATE_INFOPLIST_FILE = YES;
				IPHONEOS_DEPLOYMENT_TARGET = 18.1;
				MARKETING_VERSION = 1.0;
				PRODUCT_BUNDLE_IDENTIFIER = com.rmt.exam.Coin64Tests;
				PRODUCT_NAME = "$(TARGET_NAME)";
				SWIFT_EMIT_LOC_STRINGS = NO;
				SWIFT_VERSION = 5.0;
				TARGETED_DEVICE_FAMILY = "1,2";
				TEST_HOST = "$(BUILT_PRODUCTS_DIR)/Coin64.app/$(BUNDLE_EXECUTABLE_FOLDER_PATH)/Coin64";
			};
			name = Debug;
		};
		F54BAD3F2DB616C0005E0257 /* Release */ = {
			isa = XCBuildConfiguration;
			buildSettings = {
				BUNDLE_LOADER = "$(TEST_HOST)";
				CODE_SIGN_STYLE = Automatic;
				CURRENT_PROJECT_VERSION = 1;
				GENERATE_INFOPLIST_FILE = YES;
				IPHONEOS_DEPLOYMENT_TARGET = 18.1;
				MARKETING_VERSION = 1.0;
				PRODUCT_BUNDLE_IDENTIFIER = com.rmt.exam.Coin64Tests;
				PRODUCT_NAME = "$(TARGET_NAME)";
				SWIFT_EMIT_LOC_STRINGS = NO;
				SWIFT_VERSION = 5.0;
				TARGETED_DEVICE_FAMILY = "1,2";
				TEST_HOST = "$(BUILT_PRODUCTS_DIR)/Coin64.app/$(BUNDLE_EXECUTABLE_FOLDER_PATH)/Coin64";
			};
			name = Release;
		};
		F54BAD412DB616C0005E0257 /* Debug */ = {
			isa = XCBuildConfiguration;
			buildSettings = {
				CODE_SIGN_STYLE = Automatic;
				CURRENT_PROJECT_VERSION = 1;
				GENERATE_INFOPLIST_FILE = YES;
				MARKETING_VERSION = 1.0;
				PRODUCT_BUNDLE_IDENTIFIER = com.rmt.exam.Coin64UITests;
				PRODUCT_NAME = "$(TARGET_NAME)";
				SWIFT_EMIT_LOC_STRINGS = NO;
				SWIFT_VERSION = 5.0;
				TARGETED_DEVICE_FAMILY = "1,2";
				TEST_TARGET_NAME = Coin64;
			};
			name = Debug;
		};
		F54BAD422DB616C0005E0257 /* Release */ = {
			isa = XCBuildConfiguration;
			buildSettings = {
				CODE_SIGN_STYLE = Automatic;
				CURRENT_PROJECT_VERSION = 1;
				GENERATE_INFOPLIST_FILE = YES;
				MARKETING_VERSION = 1.0;
				PRODUCT_BUNDLE_IDENTIFIER = com.rmt.exam.Coin64UITests;
				PRODUCT_NAME = "$(TARGET_NAME)";
				SWIFT_EMIT_LOC_STRINGS = NO;
				SWIFT_VERSION = 5.0;
				TARGETED_DEVICE_FAMILY = "1,2";
				TEST_TARGET_NAME = Coin64;
			};
			name = Release;
		};
/* End XCBuildConfiguration section */

/* Begin XCConfigurationList section */
		F54BAD0A2DB616BE005E0257 /* Build configuration list for PBXProject "Coin64" */ = {
			isa = XCConfigurationList;
			buildConfigurations = (
				F54BAD3B2DB616C0005E0257 /* Debug */,
				F54BAD3C2DB616C0005E0257 /* Release */,
			);
			defaultConfigurationIsVisible = 0;
			defaultConfigurationName = Release;
		};
		F54BAD382DB616C0005E0257 /* Build configuration list for PBXNativeTarget "Coin64" */ = {
			isa = XCConfigurationList;
			buildConfigurations = (
				F54BAD392DB616C0005E0257 /* Debug */,
				F54BAD3A2DB616C0005E0257 /* Release */,
			);
			defaultConfigurationIsVisible = 0;
			defaultConfigurationName = Release;
		};
		F54BAD3D2DB616C0005E0257 /* Build configuration list for PBXNativeTarget "Coin64Tests" */ = {
			isa = XCConfigurationList;
			buildConfigurations = (
				F54BAD3E2DB616C0005E0257 /* Debug */,
				F54BAD3F2DB616C0005E0257 /* Release */,
			);
			defaultConfigurationIsVisible = 0;
			defaultConfigurationName = Release;
		};
		F54BAD402DB616C0005E0257 /* Build configuration list for PBXNativeTarget "Coin64UITests" */ = {
			isa = XCConfigurationList;
			buildConfigurations = (
				F54BAD412DB616C0005E0257 /* Debug */,
				F54BAD422DB616C0005E0257 /* Release */,
			);
			defaultConfigurationIsVisible = 0;
			defaultConfigurationName = Release;
		};
/* End XCConfigurationList section */
	};
	rootObject = F54BAD072DB616BE005E0257 /* Project object */;
}
